
Microsoft Visual Studio Solution File, Format Version 12.00
# Visual Studio Version 17
VisualStudioVersion = 17.14.36414.22 d17.14
MinimumVisualStudioVersion = 10.0.40219.1
Project("{2150E333-8FDC-42A3-9474-1A3956D46DE8}") = "Task0", "Task0", "{02EA681E-C7D8-13C7-8484-4AC65E1B71E8}"
EndProject
Project("{FAE04EC0-301F-11D3-BF4B-00C04F79EFBC}") = "Tyuiu.ZelenovaIV.Sprint4.Task0.V9.Lib", "Tyuiu.ZelenovaIV.Sprint4.Task0.V9.Lib\Tyuiu.ZelenovaIV.Sprint4.Task0.V9.Lib.csproj", "{F4239FE9-5319-4168-A1BA-52EB8E181C46}"
EndProject
Project("{FAE04EC0-301F-11D3-BF4B-00C04F79EFBC}") = "Tyuiu.ZelenovaIV.Sprint4.Task0.V9.Test", "Tyuiu.ZelenovaIV.Sprint4.Task0.V9.Test\Tyuiu.ZelenovaIV.Sprint4.Task0.V9.Test.csproj", "{0B6A41B2-B9D5-4F02-84D9-5A9A82226EF3}"
EndProject
Project("{FAE04EC0-301F-11D3-BF4B-00C04F79EFBC}") = "Tyuiu.ZelenovaIV.Sprint4.Task0.V9", "Tyuiu.ZelenovaIV.Sprint4.Task0.V9\Tyuiu.ZelenovaIV.Sprint4.Task0.V9.csproj", "{50644956-1B43-45C0-85EB-F849D8CC4C68}"
EndProject
Global
	GlobalSection(SolutionConfigurationPlatforms) = preSolution
		Debug|Any CPU = Debug|Any CPU
		Release|Any CPU = Release|Any CPU
	EndGlobalSection
	GlobalSection(ProjectConfigurationPlatforms) = postSolution
		{F4239FE9-5319-4168-A1BA-52EB8E181C46}.Debug|Any CPU.ActiveCfg = Debug|Any CPU
		{F4239FE9-5319-4168-A1BA-52EB8E181C46}.Debug|Any CPU.Build.0 = Debug|Any CPU
		{F4239FE9-5319-4168-A1BA-52EB8E181C46}.Release|Any CPU.ActiveCfg = Release|Any CPU
		{F4239FE9-5319-4168-A1BA-52EB8E181C46}.Release|Any CPU.Build.0 = Release|Any CPU
		{0B6A41B2-B9D5-4F02-84D9-5A9A82226EF3}.Debug|Any CPU.ActiveCfg = Debug|Any CPU
		{0B6A41B2-B9D5-4F02-84D9-5A9A82226EF3}.Debug|Any CPU.Build.0 = Debug|Any CPU
		{0B6A41B2-B9D5-4F02-84D9-5A9A82226EF3}.Release|Any CPU.ActiveCfg = Release|Any CPU
		{0B6A41B2-B9D5-4F02-84D9-5A9A82226EF3}.Release|Any CPU.Build.0 = Release|Any CPU
		{50644956-1B43-45C0-85EB-F849D8CC4C68}.Debug|Any CPU.ActiveCfg = Debug|Any CPU
		{50644956-1B43-45C0-85EB-F849D8CC4C68}.Debug|Any CPU.Build.0 = Debug|Any CPU
		{50644956-1B43-45C0-85EB-F849D8CC4C68}.Release|Any CPU.ActiveCfg = Release|Any CPU
		{50644956-1B43-45C0-85EB-F849D8CC4C68}.Release|Any CPU.Build.0 = Release|Any CPU
	EndGlobalSection
	GlobalSection(SolutionProperties) = preSolution
		HideSolutionNode = FALSE
	EndGlobalSection
	GlobalSection(NestedProjects) = preSolution
		{F4239FE9-5319-4168-A1BA-52EB8E181C46} = {02EA681E-C7D8-13C7-8484-4AC65E1B71E8}
		{0B6A41B2-B9D5-4F02-84D9-5A9A82226EF3} = {02EA681E-C7D8-13C7-8484-4AC65E1B71E8}
		{50644956-1B43-45C0-85EB-F849D8CC4C68} = {02EA681E-C7D8-13C7-8484-4AC65E1B71E8}
	EndGlobalSection
	GlobalSection(ExtensibilityGlobals) = postSolution
		SolutionGuid = {CD38AF0C-B77C-4B63-B19D-F63285AE048C}
	EndGlobalSection
EndGlobal
