
Microsoft Visual Studio Solution File, Format Version 12.00
# Visual Studio Version 17
VisualStudioVersion = 17.14.36414.22 d17.14
MinimumVisualStudioVersion = 10.0.40219.1
Project("{2150E333-8FDC-42A3-9474-1A3956D46DE8}") = "Task0", "Task0", "{02EA681E-C7D8-13C7-8484-4AC65E1B71E8}"
EndProject
Project("{FAE04EC0-301F-11D3-BF4B-00C04F79EFBC}") = "Tyuiu.ZelenovaIV.Sprint4.Task0.V9.Lib", "Tyuiu.ZelenovaIV.Sprint4.Task0.V9.Lib\Tyuiu.ZelenovaIV.Sprint4.Task0.V9.Lib.csproj", "{F4239FE9-5319-4168-A1BA-52EB8E181C46}"
EndProject
Project("{FAE04EC0-301F-11D3-BF4B-00C04F79EFBC}") = "Tyuiu.ZelenovaIV.Sprint4.Task0.V9.Test", "Tyuiu.ZelenovaIV.Sprint4.Task0.V9.Test\Tyuiu.ZelenovaIV.Sprint4.Task0.V9.Test.csproj", "{0B6A41B2-B9D5-4F02-84D9-5A9A82226EF3}"
EndProject
Project("{FAE04EC0-301F-11D3-BF4B-00C04F79EFBC}") = "Tyuiu.ZelenovaIV.Sprint4.Task0.V9", "Tyuiu.ZelenovaIV.Sprint4.Task0.V9\Tyuiu.ZelenovaIV.Sprint4.Task0.V9.csproj", "{50644956-1B43-45C0-85EB-F849D8CC4C68}"
EndProject
Project("{2150E333-8FDC-42A3-9474-1A3956D46DE8}") = "Task1", "Task1", "{C4B99F06-4290-43B4-8163-94B08673D2C9}"
EndProject
Project("{FAE04EC0-301F-11D3-BF4B-00C04F79EFBC}") = "Tyuiu.ZelenovaIV.Sprint4.Task1.V27.Lib", "Tyuiu.ZelenovaIV.Sprint4.Task1.V27.Lib\Tyuiu.ZelenovaIV.Sprint4.Task1.V27.Lib.csproj", "{640D71ED-C2F6-41E5-A666-9B465BEA22E4}"
EndProject
Project("{FAE04EC0-301F-11D3-BF4B-00C04F79EFBC}") = "Tyuiu.ZelenovaIV.Sprint4.Task1.V27.Test", "Tyuiu.ZelenovaIV.Sprint4.Task1.V27.Test\Tyuiu.ZelenovaIV.Sprint4.Task1.V27.Test.csproj", "{1A286160-4B80-4FAC-A4CA-946265AFA377}"
EndProject
Project("{FAE04EC0-301F-11D3-BF4B-00C04F79EFBC}") = "Tyuiu.ZelenovaIV.Sprint4.Task1.V27", "Tyuiu.ZelenovaIV.Sprint4.Task1.V27\Tyuiu.ZelenovaIV.Sprint4.Task1.V27.csproj", "{F42D4302-C309-4E45-8AD2-6E991C5976A0}"
EndProject
Project("{2150E333-8FDC-42A3-9474-1A3956D46DE8}") = "Task2", "Task2", "{DCE26D59-53A0-4B67-903C-12F4777B1280}"
EndProject
Project("{FAE04EC0-301F-11D3-BF4B-00C04F79EFBC}") = "Tyuiu.ZelenovaIV.Sprint4.Task2.V9.Lib", "Tyuiu.ZelenovaIV.Sprint4.Task2.V9.Lib\Tyuiu.ZelenovaIV.Sprint4.Task2.V9.Lib.csproj", "{4DCE8848-34D4-40E9-B2E8-68066FF986B3}"
EndProject
Project("{FAE04EC0-301F-11D3-BF4B-00C04F79EFBC}") = "Tyuiu.ZelenovaIV.Sprint4.Task2.V9.Test", "Tyuiu.ZelenovaIV.Sprint4.Task2.V9.Test\Tyuiu.ZelenovaIV.Sprint4.Task2.V9.Test.csproj", "{E5075D52-9FF0-4DC9-805E-B380989BB5D5}"
EndProject
Project("{FAE04EC0-301F-11D3-BF4B-00C04F79EFBC}") = "Tyuiu.ZelenovaIV.Sprint4.Task2.V9", "Tyuiu.ZelenovaIV.Sprint4.Task2.V9\Tyuiu.ZelenovaIV.Sprint4.Task2.V9.csproj", "{79EA15DE-BC07-4597-AD51-1205254C7028}"
EndProject
Project("{2150E333-8FDC-42A3-9474-1A3956D46DE8}") = "Task3", "Task3", "{BF306268-B54C-45AB-85D2-5EAAA565A989}"
EndProject
Project("{FAE04EC0-301F-11D3-BF4B-00C04F79EFBC}") = "Tyuiu.ZelenovaIV.Sprint4.Task3.V4.Lib", "Tyuiu.ZelenovaIV.Sprint4.Task3.V4.Lib\Tyuiu.ZelenovaIV.Sprint4.Task3.V4.Lib.csproj", "{F4623E82-E830-4931-89B3-35F27D339847}"
EndProject
Project("{FAE04EC0-301F-11D3-BF4B-00C04F79EFBC}") = "Tyuiu.ZelenovaIV.Sprint4.Task3.V4.Test", "Tyuiu.ZelenovaIV.Sprint4.Task3.V4.Test\Tyuiu.ZelenovaIV.Sprint4.Task3.V4.Test.csproj", "{72F2E5B7-3EE3-4A68-B404-54196FF0FB94}"
EndProject
Project("{FAE04EC0-301F-11D3-BF4B-00C04F79EFBC}") = "Tyuiu.ZelenovaIV.Sprint4.Task3.V4", "Tyuiu.ZelenovaIV.Sprint4.Task3.V4\Tyuiu.ZelenovaIV.Sprint4.Task3.V4.csproj", "{23BBEC50-669A-43C4-B133-D5AF6C9C3E14}"
EndProject
Project("{2150E333-8FDC-42A3-9474-1A3956D46DE8}") = "Task4", "Task4", "{3BD47A1A-150E-4BA3-B266-7EC7EB98F09B}"
EndProject
Project("{FAE04EC0-301F-11D3-BF4B-00C04F79EFBC}") = "Tyuiu.ZelenovaIV.Sprint4.Task4.V23.Lib", "Tyuiu.ZelenovaIV.Sprint4.Task4.V23.Lib\Tyuiu.ZelenovaIV.Sprint4.Task4.V23.Lib.csproj", "{0EEAA15F-4F1C-4076-8C5D-F33BDC3C1C39}"
EndProject
Project("{FAE04EC0-301F-11D3-BF4B-00C04F79EFBC}") = "Tyuiu.ZelenovaIV.Sprint4.Task4.V23.Test", "Tyuiu.ZelenovaIV.Sprint4.Task4.V23.Test\Tyuiu.ZelenovaIV.Sprint4.Task4.V23.Test.csproj", "{6654A234-A115-41C4-8B94-3AA926B48229}"
EndProject
Project("{FAE04EC0-301F-11D3-BF4B-00C04F79EFBC}") = "Tyuiu.ZelenovaIV.Sprint4.Task4.V23", "Tyuiu.ZelenovaIV.Sprint4.Task4.V23\Tyuiu.ZelenovaIV.Sprint4.Task4.V23.csproj", "{496985C9-0174-48BA-9919-0E4AF1338AA6}"
EndProject
Global
	GlobalSection(SolutionConfigurationPlatforms) = preSolution
		Debug|Any CPU = Debug|Any CPU
		Release|Any CPU = Release|Any CPU
	EndGlobalSection
	GlobalSection(ProjectConfigurationPlatforms) = postSolution
		{F4239FE9-5319-4168-A1BA-52EB8E181C46}.Debug|Any CPU.ActiveCfg = Debug|Any CPU
		{F4239FE9-5319-4168-A1BA-52EB8E181C46}.Debug|Any CPU.Build.0 = Debug|Any CPU
		{F4239FE9-5319-4168-A1BA-52EB8E181C46}.Release|Any CPU.ActiveCfg = Release|Any CPU
		{F4239FE9-5319-4168-A1BA-52EB8E181C46}.Release|Any CPU.Build.0 = Release|Any CPU
		{0B6A41B2-B9D5-4F02-84D9-5A9A82226EF3}.Debug|Any CPU.ActiveCfg = Debug|Any CPU
		{0B6A41B2-B9D5-4F02-84D9-5A9A82226EF3}.Debug|Any CPU.Build.0 = Debug|Any CPU
		{0B6A41B2-B9D5-4F02-84D9-5A9A82226EF3}.Release|Any CPU.ActiveCfg = Release|Any CPU
		{0B6A41B2-B9D5-4F02-84D9-5A9A82226EF3}.Release|Any CPU.Build.0 = Release|Any CPU
		{50644956-1B43-45C0-85EB-F849D8CC4C68}.Debug|Any CPU.ActiveCfg = Debug|Any CPU
		{50644956-1B43-45C0-85EB-F849D8CC4C68}.Debug|Any CPU.Build.0 = Debug|Any CPU
		{50644956-1B43-45C0-85EB-F849D8CC4C68}.Release|Any CPU.ActiveCfg = Release|Any CPU
		{50644956-1B43-45C0-85EB-F849D8CC4C68}.Release|Any CPU.Build.0 = Release|Any CPU
		{640D71ED-C2F6-41E5-A666-9B465BEA22E4}.Debug|Any CPU.ActiveCfg = Debug|Any CPU
		{640D71ED-C2F6-41E5-A666-9B465BEA22E4}.Debug|Any CPU.Build.0 = Debug|Any CPU
		{640D71ED-C2F6-41E5-A666-9B465BEA22E4}.Release|Any CPU.ActiveCfg = Release|Any CPU
		{640D71ED-C2F6-41E5-A666-9B465BEA22E4}.Release|Any CPU.Build.0 = Release|Any CPU
		{1A286160-4B80-4FAC-A4CA-946265AFA377}.Debug|Any CPU.ActiveCfg = Debug|Any CPU
		{1A286160-4B80-4FAC-A4CA-946265AFA377}.Debug|Any CPU.Build.0 = Debug|Any CPU
		{1A286160-4B80-4FAC-A4CA-946265AFA377}.Release|Any CPU.ActiveCfg = Release|Any CPU
		{1A286160-4B80-4FAC-A4CA-946265AFA377}.Release|Any CPU.Build.0 = Release|Any CPU
		{F42D4302-C309-4E45-8AD2-6E991C5976A0}.Debug|Any CPU.ActiveCfg = Debug|Any CPU
		{F42D4302-C309-4E45-8AD2-6E991C5976A0}.Debug|Any CPU.Build.0 = Debug|Any CPU
		{F42D4302-C309-4E45-8AD2-6E991C5976A0}.Release|Any CPU.ActiveCfg = Release|Any CPU
		{F42D4302-C309-4E45-8AD2-6E991C5976A0}.Release|Any CPU.Build.0 = Release|Any CPU
		{4DCE8848-34D4-40E9-B2E8-68066FF986B3}.Debug|Any CPU.ActiveCfg = Debug|Any CPU
		{4DCE8848-34D4-40E9-B2E8-68066FF986B3}.Debug|Any CPU.Build.0 = Debug|Any CPU
		{4DCE8848-34D4-40E9-B2E8-68066FF986B3}.Release|Any CPU.ActiveCfg = Release|Any CPU
		{4DCE8848-34D4-40E9-B2E8-68066FF986B3}.Release|Any CPU.Build.0 = Release|Any CPU
		{E5075D52-9FF0-4DC9-805E-B380989BB5D5}.Debug|Any CPU.ActiveCfg = Debug|Any CPU
		{E5075D52-9FF0-4DC9-805E-B380989BB5D5}.Debug|Any CPU.Build.0 = Debug|Any CPU
		{E5075D52-9FF0-4DC9-805E-B380989BB5D5}.Release|Any CPU.ActiveCfg = Release|Any CPU
		{E5075D52-9FF0-4DC9-805E-B380989BB5D5}.Release|Any CPU.Build.0 = Release|Any CPU
		{79EA15DE-BC07-4597-AD51-1205254C7028}.Debug|Any CPU.ActiveCfg = Debug|Any CPU
		{79EA15DE-BC07-4597-AD51-1205254C7028}.Debug|Any CPU.Build.0 = Debug|Any CPU
		{79EA15DE-BC07-4597-AD51-1205254C7028}.Release|Any CPU.ActiveCfg = Release|Any CPU
		{79EA15DE-BC07-4597-AD51-1205254C7028}.Release|Any CPU.Build.0 = Release|Any CPU
		{F4623E82-E830-4931-89B3-35F27D339847}.Debug|Any CPU.ActiveCfg = Debug|Any CPU
		{F4623E82-E830-4931-89B3-35F27D339847}.Debug|Any CPU.Build.0 = Debug|Any CPU
		{F4623E82-E830-4931-89B3-35F27D339847}.Release|Any CPU.ActiveCfg = Release|Any CPU
		{F4623E82-E830-4931-89B3-35F27D339847}.Release|Any CPU.Build.0 = Release|Any CPU
		{72F2E5B7-3EE3-4A68-B404-54196FF0FB94}.Debug|Any CPU.ActiveCfg = Debug|Any CPU
		{72F2E5B7-3EE3-4A68-B404-54196FF0FB94}.Debug|Any CPU.Build.0 = Debug|Any CPU
		{72F2E5B7-3EE3-4A68-B404-54196FF0FB94}.Release|Any CPU.ActiveCfg = Release|Any CPU
		{72F2E5B7-3EE3-4A68-B404-54196FF0FB94}.Release|Any CPU.Build.0 = Release|Any CPU
		{23BBEC50-669A-43C4-B133-D5AF6C9C3E14}.Debug|Any CPU.ActiveCfg = Debug|Any CPU
		{23BBEC50-669A-43C4-B133-D5AF6C9C3E14}.Debug|Any CPU.Build.0 = Debug|Any CPU
		{23BBEC50-669A-43C4-B133-D5AF6C9C3E14}.Release|Any CPU.ActiveCfg = Release|Any CPU
		{23BBEC50-669A-43C4-B133-D5AF6C9C3E14}.Release|Any CPU.Build.0 = Release|Any CPU
		{0EEAA15F-4F1C-4076-8C5D-F33BDC3C1C39}.Debug|Any CPU.ActiveCfg = Debug|Any CPU
		{0EEAA15F-4F1C-4076-8C5D-F33BDC3C1C39}.Debug|Any CPU.Build.0 = Debug|Any CPU
		{0EEAA15F-4F1C-4076-8C5D-F33BDC3C1C39}.Release|Any CPU.ActiveCfg = Release|Any CPU
		{0EEAA15F-4F1C-4076-8C5D-F33BDC3C1C39}.Release|Any CPU.Build.0 = Release|Any CPU
		{6654A234-A115-41C4-8B94-3AA926B48229}.Debug|Any CPU.ActiveCfg = Debug|Any CPU
		{6654A234-A115-41C4-8B94-3AA926B48229}.Debug|Any CPU.Build.0 = Debug|Any CPU
		{6654A234-A115-41C4-8B94-3AA926B48229}.Release|Any CPU.ActiveCfg = Release|Any CPU
		{6654A234-A115-41C4-8B94-3AA926B48229}.Release|Any CPU.Build.0 = Release|Any CPU
		{496985C9-0174-48BA-9919-0E4AF1338AA6}.Debug|Any CPU.ActiveCfg = Debug|Any CPU
		{496985C9-0174-48BA-9919-0E4AF1338AA6}.Debug|Any CPU.Build.0 = Debug|Any CPU
		{496985C9-0174-48BA-9919-0E4AF1338AA6}.Release|Any CPU.ActiveCfg = Release|Any CPU
		{496985C9-0174-48BA-9919-0E4AF1338AA6}.Release|Any CPU.Build.0 = Release|Any CPU
	EndGlobalSection
	GlobalSection(SolutionProperties) = preSolution
		HideSolutionNode = FALSE
	EndGlobalSection
	GlobalSection(NestedProjects) = preSolution
		{F4239FE9-5319-4168-A1BA-52EB8E181C46} = {02EA681E-C7D8-13C7-8484-4AC65E1B71E8}
		{0B6A41B2-B9D5-4F02-84D9-5A9A82226EF3} = {02EA681E-C7D8-13C7-8484-4AC65E1B71E8}
		{50644956-1B43-45C0-85EB-F849D8CC4C68} = {02EA681E-C7D8-13C7-8484-4AC65E1B71E8}
		{640D71ED-C2F6-41E5-A666-9B465BEA22E4} = {C4B99F06-4290-43B4-8163-94B08673D2C9}
		{1A286160-4B80-4FAC-A4CA-946265AFA377} = {C4B99F06-4290-43B4-8163-94B08673D2C9}
		{F42D4302-C309-4E45-8AD2-6E991C5976A0} = {C4B99F06-4290-43B4-8163-94B08673D2C9}
		{4DCE8848-34D4-40E9-B2E8-68066FF986B3} = {DCE26D59-53A0-4B67-903C-12F4777B1280}
		{E5075D52-9FF0-4DC9-805E-B380989BB5D5} = {DCE26D59-53A0-4B67-903C-12F4777B1280}
		{79EA15DE-BC07-4597-AD51-1205254C7028} = {DCE26D59-53A0-4B67-903C-12F4777B1280}
		{F4623E82-E830-4931-89B3-35F27D339847} = {BF306268-B54C-45AB-85D2-5EAAA565A989}
		{72F2E5B7-3EE3-4A68-B404-54196FF0FB94} = {BF306268-B54C-45AB-85D2-5EAAA565A989}
		{23BBEC50-669A-43C4-B133-D5AF6C9C3E14} = {BF306268-B54C-45AB-85D2-5EAAA565A989}
		{0EEAA15F-4F1C-4076-8C5D-F33BDC3C1C39} = {3BD47A1A-150E-4BA3-B266-7EC7EB98F09B}
		{6654A234-A115-41C4-8B94-3AA926B48229} = {3BD47A1A-150E-4BA3-B266-7EC7EB98F09B}
		{496985C9-0174-48BA-9919-0E4AF1338AA6} = {3BD47A1A-150E-4BA3-B266-7EC7EB98F09B}
	EndGlobalSection
	GlobalSection(ExtensibilityGlobals) = postSolution
		SolutionGuid = {CD38AF0C-B77C-4B63-B19D-F63285AE048C}
	EndGlobalSection
EndGlobal
